
Microsoft Visual Studio Solution File, Format Version 12.00
# Visual Studio Version 17
VisualStudioVersion = 17.2.32616.157
MinimumVisualStudioVersion = 10.0.40219.1
Project("{FAE04EC0-301F-11D3-BF4B-00C04F79EFBC}") = "xadrez-console", "xadrez-console\xadrez-console.csproj", "{C5AB0BA1-C56C-40AA-A341-E7CEB32CDEC7}"
EndProject
Global
	GlobalSection(SolutionConfigurationPlatforms) = preSolution
		Debug|Any CPU = Debug|Any CPU
		Release|Any CPU = Release|Any CPU
	EndGlobalSection
	GlobalSection(ProjectConfigurationPlatforms) = postSolution
		{C5AB0BA1-C56C-40AA-A341-E7CEB32CDEC7}.Debug|Any CPU.ActiveCfg = Debug|Any CPU
		{C5AB0BA1-C56C-40AA-A341-E7CEB32CDEC7}.Debug|Any CPU.Build.0 = Debug|Any CPU
		{C5AB0BA1-C56C-40AA-A341-E7CEB32CDEC7}.Release|Any CPU.ActiveCfg = Release|Any CPU
		{C5AB0BA1-C56C-40AA-A341-E7CEB32CDEC7}.Release|Any CPU.Build.0 = Release|Any CPU
	EndGlobalSection
	GlobalSection(SolutionProperties) = preSolution
		HideSolutionNode = FALSE
	EndGlobalSection
	GlobalSection(ExtensibilityGlobals) = postSolution
		SolutionGuid = {BA67FAB6-2E21-4511-B698-1AA3E8ACFD70}
	EndGlobalSection
EndGlobal
